// !$*UTF8*$!
{
	archiveVersion = 1;
	classes = {
	};
	objectVersion = 77;
	objects = {

/* Begin PBXContainerItemProxy section */
		6021A7EC2CED0F39009E0DD9 /* PBXContainerItemProxy */ = {
			isa = PBXContainerItemProxy;
			containerPortal = 6021A7D32CED0F37009E0DD9 /* Project object */;
			proxyType = 1;
			remoteGlobalIDString = 6021A7DA2CED0F37009E0DD9;
			remoteInfo = GrottoApp;
		};
		6021A7F62CED0F3A009E0DD9 /* PBXContainerItemProxy */ = {
			isa = PBXContainerItemProxy;
			containerPortal = 6021A7D32CED0F37009E0DD9 /* Project object */;
			proxyType = 1;
			remoteGlobalIDString = 6021A7DA2CED0F37009E0DD9;
			remoteInfo = GrottoApp;
		};
/* End PBXContainerItemProxy section */

/* Begin PBXFileReference section */
		6021A7DB2CED0F37009E0DD9 /* GrottoApp.app */ = {isa = PBXFileReference; explicitFileType = wrapper.application; includeInIndex = 0; path = GrottoApp.app; sourceTree = BUILT_PRODUCTS_DIR; };
		6021A7EB2CED0F39009E0DD9 /* GrottoAppTests.xctest */ = {isa = PBXFileReference; explicitFileType = wrapper.cfbundle; includeInIndex = 0; path = GrottoAppTests.xctest; sourceTree = BUILT_PRODUCTS_DIR; };
		6021A7F52CED0F3A009E0DD9 /* GrottoAppUITests.xctest */ = {isa = PBXFileReference; explicitFileType = wrapper.cfbundle; includeInIndex = 0; path = GrottoAppUITests.xctest; sourceTree = BUILT_PRODUCTS_DIR; };
/* End PBXFileReference section */

/* Begin PBXFileSystemSynchronizedBuildFileExceptionSet section */
		60FBD7B32D84A776005552B9 /* Exceptions for "GrottoApp" folder in "GrottoApp" target */ = {
			isa = PBXFileSystemSynchronizedBuildFileExceptionSet;
			membershipExceptions = (
				Info.plist,
			);
			target = 6021A7DA2CED0F37009E0DD9 /* GrottoApp */;
		};
/* End PBXFileSystemSynchronizedBuildFileExceptionSet section */

/* Begin PBXFileSystemSynchronizedRootGroup section */
		6021A7DD2CED0F37009E0DD9 /* GrottoApp */ = {
			isa = PBXFileSystemSynchronizedRootGroup;
			exceptions = (
				60FBD7B32D84A776005552B9 /* Exceptions for "GrottoApp" folder in "GrottoApp" target */,
			);
			path = GrottoApp;
			sourceTree = "<group>";
		};
		6021A7EE2CED0F39009E0DD9 /* GrottoAppTests */ = {
			isa = PBXFileSystemSynchronizedRootGroup;
			path = GrottoAppTests;
			sourceTree = "<group>";
		};
		6021A7F82CED0F3A009E0DD9 /* GrottoAppUITests */ = {
			isa = PBXFileSystemSynchronizedRootGroup;
			path = GrottoAppUITests;
			sourceTree = "<group>";
		};
/* End PBXFileSystemSynchronizedRootGroup section */

/* Begin PBXFrameworksBuildPhase section */
		6021A7D82CED0F37009E0DD9 /* Frameworks */ = {
			isa = PBXFrameworksBuildPhase;
			buildActionMask = 2147483647;
			files = (
			);
			runOnlyForDeploymentPostprocessing = 0;
		};
		6021A7E82CED0F39009E0DD9 /* Frameworks */ = {
			isa = PBXFrameworksBuildPhase;
			buildActionMask = 2147483647;
			files = (
			);
			runOnlyForDeploymentPostprocessing = 0;
		};
		6021A7F22CED0F3A009E0DD9 /* Frameworks */ = {
			isa = PBXFrameworksBuildPhase;
			buildActionMask = 2147483647;
			files = (
			);
			runOnlyForDeploymentPostprocessing = 0;
		};
/* End PBXFrameworksBuildPhase section */

/* Begin PBXGroup section */
		6021A7D22CED0F37009E0DD9 = {
			isa = PBXGroup;
			children = (
				6021A7DD2CED0F37009E0DD9 /* GrottoApp */,
				6021A7EE2CED0F39009E0DD9 /* GrottoAppTests */,
				6021A7F82CED0F3A009E0DD9 /* GrottoAppUITests */,
				608A3C582D907B2600C03025 /* Frameworks */,
				6021A7DC2CED0F37009E0DD9 /* Products */,
			);
			sourceTree = "<group>";
		};
		6021A7DC2CED0F37009E0DD9 /* Products */ = {
			isa = PBXGroup;
			children = (
				6021A7DB2CED0F37009E0DD9 /* GrottoApp.app */,
				6021A7EB2CED0F39009E0DD9 /* GrottoAppTests.xctest */,
				6021A7F52CED0F3A009E0DD9 /* GrottoAppUITests.xctest */,
			);
			name = Products;
			sourceTree = "<group>";
		};
		608A3C582D907B2600C03025 /* Frameworks */ = {
			isa = PBXGroup;
			children = (
			);
			name = Frameworks;
			sourceTree = "<group>";
		};
/* End PBXGroup section */

/* Begin PBXNativeTarget section */
		6021A7DA2CED0F37009E0DD9 /* GrottoApp */ = {
			isa = PBXNativeTarget;
			buildConfigurationList = 6021A7FF2CED0F3A009E0DD9 /* Build configuration list for PBXNativeTarget "GrottoApp" */;
			buildPhases = (
				6021A7D72CED0F37009E0DD9 /* Sources */,
				6021A7D82CED0F37009E0DD9 /* Frameworks */,
				6021A7D92CED0F37009E0DD9 /* Resources */,
			);
			buildRules = (
			);
			dependencies = (
			);
			fileSystemSynchronizedGroups = (
				6021A7DD2CED0F37009E0DD9 /* GrottoApp */,
			);
			name = GrottoApp;
			packageProductDependencies = (
			);
			productName = GrottoApp;
			productReference = 6021A7DB2CED0F37009E0DD9 /* GrottoApp.app */;
			productType = "com.apple.product-type.application";
		};
		6021A7EA2CED0F39009E0DD9 /* GrottoAppTests */ = {
			isa = PBXNativeTarget;
			buildConfigurationList = 6021A8022CED0F3A009E0DD9 /* Build configuration list for PBXNativeTarget "GrottoAppTests" */;
			buildPhases = (
				6021A7E72CED0F39009E0DD9 /* Sources */,
				6021A7E82CED0F39009E0DD9 /* Frameworks */,
				6021A7E92CED0F39009E0DD9 /* Resources */,
			);
			buildRules = (
			);
			dependencies = (
				6021A7ED2CED0F39009E0DD9 /* PBXTargetDependency */,
			);
			fileSystemSynchronizedGroups = (
				6021A7EE2CED0F39009E0DD9 /* GrottoAppTests */,
			);
			name = GrottoAppTests;
			packageProductDependencies = (
			);
			productName = GrottoAppTests;
			productReference = 6021A7EB2CED0F39009E0DD9 /* GrottoAppTests.xctest */;
			productType = "com.apple.product-type.bundle.unit-test";
		};
		6021A7F42CED0F3A009E0DD9 /* GrottoAppUITests */ = {
			isa = PBXNativeTarget;
			buildConfigurationList = 6021A8052CED0F3A009E0DD9 /* Build configuration list for PBXNativeTarget "GrottoAppUITests" */;
			buildPhases = (
				6021A7F12CED0F3A009E0DD9 /* Sources */,
				6021A7F22CED0F3A009E0DD9 /* Frameworks */,
				6021A7F32CED0F3A009E0DD9 /* Resources */,
			);
			buildRules = (
			);
			dependencies = (
				6021A7F72CED0F3A009E0DD9 /* PBXTargetDependency */,
			);
			fileSystemSynchronizedGroups = (
				6021A7F82CED0F3A009E0DD9 /* GrottoAppUITests */,
			);
			name = GrottoAppUITests;
			packageProductDependencies = (
			);
			productName = GrottoAppUITests;
			productReference = 6021A7F52CED0F3A009E0DD9 /* GrottoAppUITests.xctest */;
			productType = "com.apple.product-type.bundle.ui-testing";
		};
/* End PBXNativeTarget section */

/* Begin PBXProject section */
		6021A7D32CED0F37009E0DD9 /* Project object */ = {
			isa = PBXProject;
			attributes = {
				BuildIndependentTargetsInParallel = 1;
				LastSwiftUpdateCheck = 1610;
				LastUpgradeCheck = 1610;
				TargetAttributes = {
					6021A7DA2CED0F37009E0DD9 = {
						CreatedOnToolsVersion = 16.1;
					};
					6021A7EA2CED0F39009E0DD9 = {
						CreatedOnToolsVersion = 16.1;
						TestTargetID = 6021A7DA2CED0F37009E0DD9;
					};
					6021A7F42CED0F3A009E0DD9 = {
						CreatedOnToolsVersion = 16.1;
						TestTargetID = 6021A7DA2CED0F37009E0DD9;
					};
				};
			};
			buildConfigurationList = 6021A7D62CED0F37009E0DD9 /* Build configuration list for PBXProject "GrottoApp" */;
			developmentRegion = en;
			hasScannedForEncodings = 0;
			knownRegions = (
				en,
				Base,
			);
			mainGroup = 6021A7D22CED0F37009E0DD9;
			minimizedProjectReferenceProxies = 1;
			packageReferences = (
				608A3C592D907B5B00C03025 /* XCLocalSwiftPackageReference "SQLite.swift-master" */,
			);
			preferredProjectObjectVersion = 77;
			productRefGroup = 6021A7DC2CED0F37009E0DD9 /* Products */;
			projectDirPath = "";
			projectRoot = "";
			targets = (
				6021A7DA2CED0F37009E0DD9 /* GrottoApp */,
				6021A7EA2CED0F39009E0DD9 /* GrottoAppTests */,
				6021A7F42CED0F3A009E0DD9 /* GrottoAppUITests */,
			);
		};
/* End PBXProject section */

/* Begin PBXResourcesBuildPhase section */
		6021A7D92CED0F37009E0DD9 /* Resources */ = {
			isa = PBXResourcesBuildPhase;
			buildActionMask = 2147483647;
			files = (
			);
			runOnlyForDeploymentPostprocessing = 0;
		};
		6021A7E92CED0F39009E0DD9 /* Resources */ = {
			isa = PBXResourcesBuildPhase;
			buildActionMask = 2147483647;
			files = (
			);
			runOnlyForDeploymentPostprocessing = 0;
		};
		6021A7F32CED0F3A009E0DD9 /* Resources */ = {
			isa = PBXResourcesBuildPhase;
			buildActionMask = 2147483647;
			files = (
			);
			runOnlyForDeploymentPostprocessing = 0;
		};
/* End PBXResourcesBuildPhase section */

/* Begin PBXSourcesBuildPhase section */
		6021A7D72CED0F37009E0DD9 /* Sources */ = {
			isa = PBXSourcesBuildPhase;
			buildActionMask = 2147483647;
			files = (
			);
			runOnlyForDeploymentPostprocessing = 0;
		};
		6021A7E72CED0F39009E0DD9 /* Sources */ = {
			isa = PBXSourcesBuildPhase;
			buildActionMask = 2147483647;
			files = (
			);
			runOnlyForDeploymentPostprocessing = 0;
		};
		6021A7F12CED0F3A009E0DD9 /* Sources */ = {
			isa = PBXSourcesBuildPhase;
			buildActionMask = 2147483647;
			files = (
			);
			runOnlyForDeploymentPostprocessing = 0;
		};
/* End PBXSourcesBuildPhase section */

/* Begin PBXTargetDependency section */
		6021A7ED2CED0F39009E0DD9 /* PBXTargetDependency */ = {
			isa = PBXTargetDependency;
			target = 6021A7DA2CED0F37009E0DD9 /* GrottoApp */;
			targetProxy = 6021A7EC2CED0F39009E0DD9 /* PBXContainerItemProxy */;
		};
		6021A7F72CED0F3A009E0DD9 /* PBXTargetDependency */ = {
			isa = PBXTargetDependency;
			target = 6021A7DA2CED0F37009E0DD9 /* GrottoApp */;
			targetProxy = 6021A7F62CED0F3A009E0DD9 /* PBXContainerItemProxy */;
		};
/* End PBXTargetDependency section */

/* Begin XCBuildConfiguration section */
		6021A7FD2CED0F3A009E0DD9 /* Debug */ = {
			isa = XCBuildConfiguration;
			buildSettings = {
				ALWAYS_SEARCH_USER_PATHS = NO;
				ASSETCATALOG_COMPILER_GENERATE_SWIFT_ASSET_SYMBOL_EXTENSIONS = YES;
				CLANG_ANALYZER_NONNULL = YES;
				CLANG_ANALYZER_NUMBER_OBJECT_CONVERSION = YES_AGGRESSIVE;
				CLANG_CXX_LANGUAGE_STANDARD = "gnu++20";
				CLANG_ENABLE_MODULES = YES;
				CLANG_ENABLE_OBJC_ARC = YES;
				CLANG_ENABLE_OBJC_WEAK = YES;
				CLANG_WARN_BLOCK_CAPTURE_AUTORELEASING = YES;
				CLANG_WARN_BOOL_CONVERSION = YES;
				CLANG_WARN_COMMA = YES;
				CLANG_WARN_CONSTANT_CONVERSION = YES;
				CLANG_WARN_DEPRECATED_OBJC_IMPLEMENTATIONS = YES;
				CLANG_WARN_DIRECT_OBJC_ISA_USAGE = YES_ERROR;
				CLANG_WARN_DOCUMENTATION_COMMENTS = YES;
				CLANG_WARN_EMPTY_BODY = YES;
				CLANG_WARN_ENUM_CONVERSION = YES;
				CLANG_WARN_INFINITE_RECURSION = YES;
				CLANG_WARN_INT_CONVERSION = YES;
				CLANG_WARN_NON_LITERAL_NULL_CONVERSION = YES;
				CLANG_WARN_OBJC_IMPLICIT_RETAIN_SELF = YES;
				CLANG_WARN_OBJC_LITERAL_CONVERSION = YES;
				CLANG_WARN_OBJC_ROOT_CLASS = YES_ERROR;
				CLANG_WARN_QUOTED_INCLUDE_IN_FRAMEWORK_HEADER = YES;
				CLANG_WARN_RANGE_LOOP_ANALYSIS = YES;
				CLANG_WARN_STRICT_PROTOTYPES = YES;
				CLANG_WARN_SUSPICIOUS_MOVE = YES;
				CLANG_WARN_UNGUARDED_AVAILABILITY = YES_AGGRESSIVE;
				CLANG_WARN_UNREACHABLE_CODE = YES;
				CLANG_WARN__DUPLICATE_METHOD_MATCH = YES;
				COPY_PHASE_STRIP = NO;
				CREATE_INFOPLIST_SECTION_IN_BINARY = NO;
				DEBUG_INFORMATION_FORMAT = dwarf;
				ENABLE_STRICT_OBJC_MSGSEND = YES;
				ENABLE_TESTABILITY = YES;
				ENABLE_USER_SCRIPT_SANDBOXING = YES;
				GCC_C_LANGUAGE_STANDARD = gnu17;
				GCC_DYNAMIC_NO_PIC = NO;
				GCC_NO_COMMON_BLOCKS = YES;
				GCC_OPTIMIZATION_LEVEL = 0;
				GCC_PREPROCESSOR_DEFINITIONS = (
					"DEBUG=1",
					"$(inherited)",
				);
				GCC_WARN_64_TO_32_BIT_CONVERSION = YES;
				GCC_WARN_ABOUT_RETURN_TYPE = YES_ERROR;
				GCC_WARN_UNDECLARED_SELECTOR = YES;
				GCC_WARN_UNINITIALIZED_AUTOS = YES_AGGRESSIVE;
				GCC_WARN_UNUSED_FUNCTION = YES;
				GCC_WARN_UNUSED_VARIABLE = YES;
				GENERATE_INFOPLIST_FILE = NO;
				IPHONEOS_DEPLOYMENT_TARGET = 18.1;
				LOCALIZATION_PREFERS_STRING_CATALOGS = YES;
				MTL_ENABLE_DEBUG_INFO = INCLUDE_SOURCE;
				MTL_FAST_MATH = YES;
				ONLY_ACTIVE_ARCH = YES;
				SDKROOT = iphoneos;
				SWIFT_ACTIVE_COMPILATION_CONDITIONS = "DEBUG $(inherited)";
				SWIFT_OPTIMIZATION_LEVEL = "-Onone";
			};
			name = Debug;
		};
		6021A7FE2CED0F3A009E0DD9 /* Release */ = {
			isa = XCBuildConfiguration;
			buildSettings = {
				ALWAYS_SEARCH_USER_PATHS = NO;
				ASSETCATALOG_COMPILER_GENERATE_SWIFT_ASSET_SYMBOL_EXTENSIONS = YES;
				CLANG_ANALYZER_NONNULL = YES;
				CLANG_ANALYZER_NUMBER_OBJECT_CONVERSION = YES_AGGRESSIVE;
				CLANG_CXX_LANGUAGE_STANDARD = "gnu++20";
				CLANG_ENABLE_MODULES = YES;
				CLANG_ENABLE_OBJC_ARC = YES;
				CLANG_ENABLE_OBJC_WEAK = YES;
				CLANG_WARN_BLOCK_CAPTURE_AUTORELEASING = YES;
				CLANG_WARN_BOOL_CONVERSION = YES;
				CLANG_WARN_COMMA = YES;
				CLANG_WARN_CONSTANT_CONVERSION = YES;
				CLANG_WARN_DEPRECATED_OBJC_IMPLEMENTATIONS = YES;
				CLANG_WARN_DIRECT_OBJC_ISA_USAGE = YES_ERROR;
				CLANG_WARN_DOCUMENTATION_COMMENTS = YES;
				CLANG_WARN_EMPTY_BODY = YES;
				CLANG_WARN_ENUM_CONVERSION = YES;
				CLANG_WARN_INFINITE_RECURSION = YES;
				CLANG_WARN_INT_CONVERSION = YES;
				CLANG_WARN_NON_LITERAL_NULL_CONVERSION = YES;
				CLANG_WARN_OBJC_IMPLICIT_RETAIN_SELF = YES;
				CLANG_WARN_OBJC_LITERAL_CONVERSION = YES;
				CLANG_WARN_OBJC_ROOT_CLASS = YES_ERROR;
				CLANG_WARN_QUOTED_INCLUDE_IN_FRAMEWORK_HEADER = YES;
				CLANG_WARN_RANGE_LOOP_ANALYSIS = YES;
				CLANG_WARN_STRICT_PROTOTYPES = YES;
				CLANG_WARN_SUSPICIOUS_MOVE = YES;
				CLANG_WARN_UNGUARDED_AVAILABILITY = YES_AGGRESSIVE;
				CLANG_WARN_UNREACHABLE_CODE = YES;
				CLANG_WARN__DUPLICATE_METHOD_MATCH = YES;
				COPY_PHASE_STRIP = NO;
				CREATE_INFOPLIST_SECTION_IN_BINARY = NO;
				DEBUG_INFORMATION_FORMAT = "dwarf-with-dsym";
				ENABLE_NS_ASSERTIONS = NO;
				ENABLE_STRICT_OBJC_MSGSEND = YES;
				ENABLE_USER_SCRIPT_SANDBOXING = YES;
				GCC_C_LANGUAGE_STANDARD = gnu17;
				GCC_NO_COMMON_BLOCKS = YES;
				GCC_WARN_64_TO_32_BIT_CONVERSION = YES;
				GCC_WARN_ABOUT_RETURN_TYPE = YES_ERROR;
				GCC_WARN_UNDECLARED_SELECTOR = YES;
				GCC_WARN_UNINITIALIZED_AUTOS = YES_AGGRESSIVE;
				GCC_WARN_UNUSED_FUNCTION = YES;
				GCC_WARN_UNUSED_VARIABLE = YES;
				GENERATE_INFOPLIST_FILE = NO;
				IPHONEOS_DEPLOYMENT_TARGET = 18.1;
				LOCALIZATION_PREFERS_STRING_CATALOGS = YES;
				MTL_ENABLE_DEBUG_INFO = NO;
				MTL_FAST_MATH = YES;
				SDKROOT = iphoneos;
				SWIFT_COMPILATION_MODE = wholemodule;
				VALIDATE_PRODUCT = YES;
			};
			name = Release;
		};
		6021A8002CED0F3A009E0DD9 /* Debug */ = {
			isa = XCBuildConfiguration;
			buildSettings = {
				ASSETCATALOG_COMPILER_APPICON_NAME = AppIcon;
				ASSETCATALOG_COMPILER_GLOBAL_ACCENT_COLOR_NAME = AccentColor;
				ASSETCATALOG_COMPILER_INCLUDE_INFOPLIST_LOCALIZATIONS = YES;
				CODE_SIGN_STYLE = Automatic;
				CURRENT_PROJECT_VERSION = 1;
				DEVELOPMENT_ASSET_PATHS = "\"GrottoApp/Preview Content\"";
				DEVELOPMENT_TEAM = 24SG3KZN4L;
				DONT_GENERATE_INFOPLIST_FILE = NO;
				ENABLE_PREVIEWS = YES;
				GENERATE_INFOPLIST_FILE = YES;
				INFOPLIST_FILE = GrottoApp/Info.plist;
				INFOPLIST_KEY_NSLocationAlwaysAndWhenInUseUsageDescription = "";
				INFOPLIST_KEY_NSLocationUsageDescription = "";
				INFOPLIST_KEY_NSLocationWhenInUseUsageDescription = "";
				INFOPLIST_KEY_UIApplicationSceneManifest_Generation = YES;
				INFOPLIST_KEY_UIApplicationSupportsIndirectInputEvents = YES;
				INFOPLIST_KEY_UILaunchScreen_Generation = YES;
				INFOPLIST_KEY_UISupportedInterfaceOrientations_iPad = "UIInterfaceOrientationPortrait UIInterfaceOrientationPortraitUpsideDown UIInterfaceOrientationLandscapeLeft UIInterfaceOrientationLandscapeRight";
				INFOPLIST_KEY_UISupportedInterfaceOrientations_iPhone = "UIInterfaceOrientationPortrait UIInterfaceOrientationLandscapeLeft UIInterfaceOrientationLandscapeRight";
				LD_RUNPATH_SEARCH_PATHS = (
					"$(inherited)",
					"@executable_path/Frameworks",
				);
				MARKETING_VERSION = 1.0;
				PRODUCT_BUNDLE_IDENTIFIER = test.GrottoApp;
				PRODUCT_NAME = "$(TARGET_NAME)";
				STRINGS_FILE_INFOPLIST_RENAME = YES;
				SWIFT_EMIT_LOC_STRINGS = YES;
				SWIFT_VERSION = 5.0;
				TARGETED_DEVICE_FAMILY = "1,2";
			};
			name = Debug;
		};
		6021A8012CED0F3A009E0DD9 /* Release */ = {
			isa = XCBuildConfiguration;
			buildSettings = {
				ASSETCATALOG_COMPILER_APPICON_NAME = AppIcon;
				ASSETCATALOG_COMPILER_GLOBAL_ACCENT_COLOR_NAME = AccentColor;
				ASSETCATALOG_COMPILER_INCLUDE_INFOPLIST_LOCALIZATIONS = YES;
				CODE_SIGN_STYLE = Automatic;
				CURRENT_PROJECT_VERSION = 1;
				DEVELOPMENT_ASSET_PATHS = "\"GrottoApp/Preview Content\"";
				DEVELOPMENT_TEAM = 24SG3KZN4L;
				DONT_GENERATE_INFOPLIST_FILE = NO;
				ENABLE_PREVIEWS = YES;
				GENERATE_INFOPLIST_FILE = YES;
				INFOPLIST_FILE = GrottoApp/Info.plist;
				INFOPLIST_KEY_NSLocationAlwaysAndWhenInUseUsageDescription = "";
				INFOPLIST_KEY_NSLocationUsageDescription = "";
				INFOPLIST_KEY_NSLocationWhenInUseUsageDescription = "";
				INFOPLIST_KEY_UIApplicationSceneManifest_Generation = YES;
				INFOPLIST_KEY_UIApplicationSupportsIndirectInputEvents = YES;
				INFOPLIST_KEY_UILaunchScreen_Generation = YES;
				INFOPLIST_KEY_UISupportedInterfaceOrientations_iPad = "UIInterfaceOrientationPortrait UIInterfaceOrientationPortraitUpsideDown UIInterfaceOrientationLandscapeLeft UIInterfaceOrientationLandscapeRight";
				INFOPLIST_KEY_UISupportedInterfaceOrientations_iPhone = "UIInterfaceOrientationPortrait UIInterfaceOrientationLandscapeLeft UIInterfaceOrientationLandscapeRight";
				LD_RUNPATH_SEARCH_PATHS = (
					"$(inherited)",
					"@executable_path/Frameworks",
				);
				MARKETING_VERSION = 1.0;
				PRODUCT_BUNDLE_IDENTIFIER = test.GrottoApp;
				PRODUCT_NAME = "$(TARGET_NAME)";
				STRINGS_FILE_INFOPLIST_RENAME = YES;
				SWIFT_EMIT_LOC_STRINGS = YES;
				SWIFT_VERSION = 5.0;
				TARGETED_DEVICE_FAMILY = "1,2";
			};
			name = Release;
		};
		6021A8032CED0F3A009E0DD9 /* Debug */ = {
			isa = XCBuildConfiguration;
			buildSettings = {
				BUNDLE_LOADER = "$(TEST_HOST)";
				CODE_SIGN_STYLE = Automatic;
				CURRENT_PROJECT_VERSION = 1;
				GENERATE_INFOPLIST_FILE = YES;
				IPHONEOS_DEPLOYMENT_TARGET = 18.1;
				MARKETING_VERSION = 1.0;
				PRODUCT_BUNDLE_IDENTIFIER = test.GrottoAppTests;
				PRODUCT_NAME = "$(TARGET_NAME)";
				SWIFT_EMIT_LOC_STRINGS = NO;
				SWIFT_VERSION = 5.0;
				TARGETED_DEVICE_FAMILY = "1,2";
				TEST_HOST = "$(BUILT_PRODUCTS_DIR)/GrottoApp.app/$(BUNDLE_EXECUTABLE_FOLDER_PATH)/GrottoApp";
			};
			name = Debug;
		};
		6021A8042CED0F3A009E0DD9 /* Release */ = {
			isa = XCBuildConfiguration;
			buildSettings = {
				BUNDLE_LOADER = "$(TEST_HOST)";
				CODE_SIGN_STYLE = Automatic;
				CURRENT_PROJECT_VERSION = 1;
				GENERATE_INFOPLIST_FILE = YES;
				IPHONEOS_DEPLOYMENT_TARGET = 18.1;
				MARKETING_VERSION = 1.0;
				PRODUCT_BUNDLE_IDENTIFIER = test.GrottoAppTests;
				PRODUCT_NAME = "$(TARGET_NAME)";
				SWIFT_EMIT_LOC_STRINGS = NO;
				SWIFT_VERSION = 5.0;
				TARGETED_DEVICE_FAMILY = "1,2";
				TEST_HOST = "$(BUILT_PRODUCTS_DIR)/GrottoApp.app/$(BUNDLE_EXECUTABLE_FOLDER_PATH)/GrottoApp";
			};
			name = Release;
		};
		6021A8062CED0F3A009E0DD9 /* Debug */ = {
			isa = XCBuildConfiguration;
			buildSettings = {
				CODE_SIGN_STYLE = Automatic;
				CURRENT_PROJECT_VERSION = 1;
				GENERATE_INFOPLIST_FILE = YES;
				INFOPLIST_FILE = "";
				MARKETING_VERSION = 1.0;
				PRODUCT_BUNDLE_IDENTIFIER = test.GrottoAppUITests;
				PRODUCT_NAME = "$(TARGET_NAME)";
				SWIFT_EMIT_LOC_STRINGS = NO;
				SWIFT_VERSION = 5.0;
				TARGETED_DEVICE_FAMILY = "1,2";
				TEST_TARGET_NAME = GrottoApp;
			};
			name = Debug;
		};
		6021A8072CED0F3A009E0DD9 /* Release */ = {
			isa = XCBuildConfiguration;
			buildSettings = {
				CODE_SIGN_STYLE = Automatic;
				CURRENT_PROJECT_VERSION = 1;
				GENERATE_INFOPLIST_FILE = YES;
				INFOPLIST_FILE = "";
				MARKETING_VERSION = 1.0;
				PRODUCT_BUNDLE_IDENTIFIER = test.GrottoAppUITests;
				PRODUCT_NAME = "$(TARGET_NAME)";
				SWIFT_EMIT_LOC_STRINGS = NO;
				SWIFT_VERSION = 5.0;
				TARGETED_DEVICE_FAMILY = "1,2";
				TEST_TARGET_NAME = GrottoApp;
			};
			name = Release;
		};
/* End XCBuildConfiguration section */

/* Begin XCConfigurationList section */
		6021A7D62CED0F37009E0DD9 /* Build configuration list for PBXProject "GrottoApp" */ = {
			isa = XCConfigurationList;
			buildConfigurations = (
				6021A7FD2CED0F3A009E0DD9 /* Debug */,
				6021A7FE2CED0F3A009E0DD9 /* Release */,
			);
			defaultConfigurationIsVisible = 0;
			defaultConfigurationName = Release;
		};
		6021A7FF2CED0F3A009E0DD9 /* Build configuration list for PBXNativeTarget "GrottoApp" */ = {
			isa = XCConfigurationList;
			buildConfigurations = (
				6021A8002CED0F3A009E0DD9 /* Debug */,
				6021A8012CED0F3A009E0DD9 /* Release */,
			);
			defaultConfigurationIsVisible = 0;
			defaultConfigurationName = Release;
		};
		6021A8022CED0F3A009E0DD9 /* Build configuration list for PBXNativeTarget "GrottoAppTests" */ = {
			isa = XCConfigurationList;
			buildConfigurations = (
				6021A8032CED0F3A009E0DD9 /* Debug */,
				6021A8042CED0F3A009E0DD9 /* Release */,
			);
			defaultConfigurationIsVisible = 0;
			defaultConfigurationName = Release;
		};
		6021A8052CED0F3A009E0DD9 /* Build configuration list for PBXNativeTarget "GrottoAppUITests" */ = {
			isa = XCConfigurationList;
			buildConfigurations = (
				6021A8062CED0F3A009E0DD9 /* Debug */,
				6021A8072CED0F3A009E0DD9 /* Release */,
			);
			defaultConfigurationIsVisible = 0;
			defaultConfigurationName = Release;
		};
/* End XCConfigurationList section */

/* Begin XCLocalSwiftPackageReference section */
		608A3C592D907B5B00C03025 /* XCLocalSwiftPackageReference "SQLite.swift-master" */ = {
			isa = XCLocalSwiftPackageReference;
			relativePath = "SQLite.swift-master";
		};
/* End XCLocalSwiftPackageReference section */
	};
	rootObject = 6021A7D32CED0F37009E0DD9 /* Project object */;
}
